
Microsoft Visual Studio Solution File, Format Version 12.00
# Visual Studio Version 16
VisualStudioVersion = 16.0.30011.22
MinimumVisualStudioVersion = 10.0.40219.1
Project("{2150E333-8FDC-42A3-9474-1A3956D46DE8}") = "01入门_策略模式", "01入门_策略模式", "{9B210C83-726C-4148-A117-D8548C18D813}"
EndProject
Project("{9A19103F-16F7-4668-BE54-9A1E7A4F7556}") = "SimUDuck", "StrategyPattern\SimUDuck\SimUDuck.csproj", "{6F355226-D576-4230-860D-8E77F72C4027}"
EndProject
Project("{9A19103F-16F7-4668-BE54-9A1E7A4F7556}") = "StringFormat", "StrategyPattern\StringFormat\StringFormat.csproj", "{0A0DEBAB-0168-48B9-BDF7-FE5D9CFB1D64}"
EndProject
Project("{2150E333-8FDC-42A3-9474-1A3956D46DE8}") = "02观察者模式", "02观察者模式", "{FBC65125-0ED9-433F-B427-5709A9C41266}"
EndProject
Project("{9A19103F-16F7-4668-BE54-9A1E7A4F7556}") = "WeatherApp", "02_ObserverPattern\WeatherApp\WeatherApp.csproj", "{7802A8AC-FA98-4281-94A5-6C79B6A6BDA8}"
EndProject
Project("{2150E333-8FDC-42A3-9474-1A3956D46DE8}") = "RPGGame", "RPGGame", "{BFDD54EF-5DE2-4E57-BE4B-5FAB0465469B}"
EndProject
Project("{9A19103F-16F7-4668-BE54-9A1E7A4F7556}") = "Game", "Game\Game.csproj", "{A928959D-9986-4AEC-A879-7390BFDD3F68}"
EndProject
Project("{FAE04EC0-301F-11D3-BF4B-00C04F79EFBC}") = "WeatherText", "WeatherText\WeatherText.csproj", "{118606D9-A8F1-427E-8E63-6295D1798D56}"
EndProject
Global
	GlobalSection(SolutionConfigurationPlatforms) = preSolution
		Debug|Any CPU = Debug|Any CPU
		Release|Any CPU = Release|Any CPU
	EndGlobalSection
	GlobalSection(ProjectConfigurationPlatforms) = postSolution
		{6F355226-D576-4230-860D-8E77F72C4027}.Debug|Any CPU.ActiveCfg = Debug|Any CPU
		{6F355226-D576-4230-860D-8E77F72C4027}.Debug|Any CPU.Build.0 = Debug|Any CPU
		{6F355226-D576-4230-860D-8E77F72C4027}.Release|Any CPU.ActiveCfg = Release|Any CPU
		{6F355226-D576-4230-860D-8E77F72C4027}.Release|Any CPU.Build.0 = Release|Any CPU
		{0A0DEBAB-0168-48B9-BDF7-FE5D9CFB1D64}.Debug|Any CPU.ActiveCfg = Debug|Any CPU
		{0A0DEBAB-0168-48B9-BDF7-FE5D9CFB1D64}.Debug|Any CPU.Build.0 = Debug|Any CPU
		{0A0DEBAB-0168-48B9-BDF7-FE5D9CFB1D64}.Release|Any CPU.ActiveCfg = Release|Any CPU
		{0A0DEBAB-0168-48B9-BDF7-FE5D9CFB1D64}.Release|Any CPU.Build.0 = Release|Any CPU
		{7802A8AC-FA98-4281-94A5-6C79B6A6BDA8}.Debug|Any CPU.ActiveCfg = Debug|Any CPU
		{7802A8AC-FA98-4281-94A5-6C79B6A6BDA8}.Debug|Any CPU.Build.0 = Debug|Any CPU
		{7802A8AC-FA98-4281-94A5-6C79B6A6BDA8}.Release|Any CPU.ActiveCfg = Release|Any CPU
		{7802A8AC-FA98-4281-94A5-6C79B6A6BDA8}.Release|Any CPU.Build.0 = Release|Any CPU
		{A928959D-9986-4AEC-A879-7390BFDD3F68}.Debug|Any CPU.ActiveCfg = Debug|Any CPU
		{A928959D-9986-4AEC-A879-7390BFDD3F68}.Debug|Any CPU.Build.0 = Debug|Any CPU
		{A928959D-9986-4AEC-A879-7390BFDD3F68}.Release|Any CPU.ActiveCfg = Release|Any CPU
		{A928959D-9986-4AEC-A879-7390BFDD3F68}.Release|Any CPU.Build.0 = Release|Any CPU
		{118606D9-A8F1-427E-8E63-6295D1798D56}.Debug|Any CPU.ActiveCfg = Debug|Any CPU
		{118606D9-A8F1-427E-8E63-6295D1798D56}.Debug|Any CPU.Build.0 = Debug|Any CPU
		{118606D9-A8F1-427E-8E63-6295D1798D56}.Release|Any CPU.ActiveCfg = Release|Any CPU
		{118606D9-A8F1-427E-8E63-6295D1798D56}.Release|Any CPU.Build.0 = Release|Any CPU
	EndGlobalSection
	GlobalSection(SolutionProperties) = preSolution
		HideSolutionNode = FALSE
	EndGlobalSection
	GlobalSection(NestedProjects) = preSolution
		{6F355226-D576-4230-860D-8E77F72C4027} = {9B210C83-726C-4148-A117-D8548C18D813}
		{0A0DEBAB-0168-48B9-BDF7-FE5D9CFB1D64} = {9B210C83-726C-4148-A117-D8548C18D813}
		{7802A8AC-FA98-4281-94A5-6C79B6A6BDA8} = {FBC65125-0ED9-433F-B427-5709A9C41266}
		{A928959D-9986-4AEC-A879-7390BFDD3F68} = {BFDD54EF-5DE2-4E57-BE4B-5FAB0465469B}
		{118606D9-A8F1-427E-8E63-6295D1798D56} = {FBC65125-0ED9-433F-B427-5709A9C41266}
	EndGlobalSection
	GlobalSection(ExtensibilityGlobals) = postSolution
		SolutionGuid = {9157C9C0-9442-4534-8E47-9FF1D83CF7E2}
	EndGlobalSection
EndGlobal
