
Microsoft Visual Studio Solution File, Format Version 12.00
# Visual Studio Version 16
VisualStudioVersion = 16.0.30011.22
MinimumVisualStudioVersion = 10.0.40219.1
Project("{2150E333-8FDC-42A3-9474-1A3956D46DE8}") = "01入门_策略模式", "01入门_策略模式", "{9B210C83-726C-4148-A117-D8548C18D813}"
EndProject
Project("{9A19103F-16F7-4668-BE54-9A1E7A4F7556}") = "SimUDuck", "StrategyPattern\SimUDuck\SimUDuck.csproj", "{6F355226-D576-4230-860D-8E77F72C4027}"
EndProject
Project("{9A19103F-16F7-4668-BE54-9A1E7A4F7556}") = "StringFormat", "StrategyPattern\StringFormat\StringFormat.csproj", "{0A0DEBAB-0168-48B9-BDF7-FE5D9CFB1D64}"
EndProject
Project("{2150E333-8FDC-42A3-9474-1A3956D46DE8}") = "02观察者模式", "02观察者模式", "{FBC65125-0ED9-433F-B427-5709A9C41266}"
EndProject
Project("{9A19103F-16F7-4668-BE54-9A1E7A4F7556}") = "WeatherApp", "02_ObserverPattern\WeatherApp\WeatherApp.csproj", "{7802A8AC-FA98-4281-94A5-6C79B6A6BDA8}"
EndProject
Project("{9A19103F-16F7-4668-BE54-9A1E7A4F7556}") = "WeatherBuiltIn", "02_ObserverPattern\WeatherBuiltIn\WeatherBuiltIn.csproj", "{7F90C431-C5CE-4271-B130-B77AA25EAF85}"
EndProject
Project("{9A19103F-16F7-4668-BE54-9A1E7A4F7556}") = "WeatherEvent", "02_ObserverPattern\WeatherEvent\WeatherEvent.csproj", "{BAA9C04A-96DE-4569-81D8-7A295EB4A88B}"
EndProject
Project("{2150E333-8FDC-42A3-9474-1A3956D46DE8}") = "03装饰者模式", "03装饰者模式", "{ADA14523-478E-46F8-80B1-F4DB1D2C9C25}"
EndProject
Project("{9A19103F-16F7-4668-BE54-9A1E7A4F7556}") = "DecoratorPatternModel", "03_DecoratorPattern\DecoratorPatternModel\DecoratorPatternModel.csproj", "{BB13DE3A-63BC-488F-B937-E7D414A3305B}"
EndProject
Project("{9A19103F-16F7-4668-BE54-9A1E7A4F7556}") = "CoffeeShop", "03_DecoratorPattern\CoffeeShop\CoffeeShop.csproj", "{B728E6AA-214F-463F-8426-86E7551ED1B4}"
EndProject
Project("{FAE04EC0-301F-11D3-BF4B-00C04F79EFBC}") = "PracticeARMS", "PracticeARMS\PracticeARMS.csproj", "{28FDDC51-F177-4EA6-A0B8-B5C95A2BF418}"
EndProject
Global
	GlobalSection(SolutionConfigurationPlatforms) = preSolution
		Debug|Any CPU = Debug|Any CPU
		Release|Any CPU = Release|Any CPU
	EndGlobalSection
	GlobalSection(ProjectConfigurationPlatforms) = postSolution
		{6F355226-D576-4230-860D-8E77F72C4027}.Debug|Any CPU.ActiveCfg = Debug|Any CPU
		{6F355226-D576-4230-860D-8E77F72C4027}.Debug|Any CPU.Build.0 = Debug|Any CPU
		{6F355226-D576-4230-860D-8E77F72C4027}.Release|Any CPU.ActiveCfg = Release|Any CPU
		{6F355226-D576-4230-860D-8E77F72C4027}.Release|Any CPU.Build.0 = Release|Any CPU
		{0A0DEBAB-0168-48B9-BDF7-FE5D9CFB1D64}.Debug|Any CPU.ActiveCfg = Debug|Any CPU
		{0A0DEBAB-0168-48B9-BDF7-FE5D9CFB1D64}.Debug|Any CPU.Build.0 = Debug|Any CPU
		{0A0DEBAB-0168-48B9-BDF7-FE5D9CFB1D64}.Release|Any CPU.ActiveCfg = Release|Any CPU
		{0A0DEBAB-0168-48B9-BDF7-FE5D9CFB1D64}.Release|Any CPU.Build.0 = Release|Any CPU
		{7802A8AC-FA98-4281-94A5-6C79B6A6BDA8}.Debug|Any CPU.ActiveCfg = Debug|Any CPU
		{7802A8AC-FA98-4281-94A5-6C79B6A6BDA8}.Debug|Any CPU.Build.0 = Debug|Any CPU
		{7802A8AC-FA98-4281-94A5-6C79B6A6BDA8}.Release|Any CPU.ActiveCfg = Release|Any CPU
		{7802A8AC-FA98-4281-94A5-6C79B6A6BDA8}.Release|Any CPU.Build.0 = Release|Any CPU
		{7F90C431-C5CE-4271-B130-B77AA25EAF85}.Debug|Any CPU.ActiveCfg = Debug|Any CPU
		{7F90C431-C5CE-4271-B130-B77AA25EAF85}.Debug|Any CPU.Build.0 = Debug|Any CPU
		{7F90C431-C5CE-4271-B130-B77AA25EAF85}.Release|Any CPU.ActiveCfg = Release|Any CPU
		{7F90C431-C5CE-4271-B130-B77AA25EAF85}.Release|Any CPU.Build.0 = Release|Any CPU
		{BAA9C04A-96DE-4569-81D8-7A295EB4A88B}.Debug|Any CPU.ActiveCfg = Debug|Any CPU
		{BAA9C04A-96DE-4569-81D8-7A295EB4A88B}.Debug|Any CPU.Build.0 = Debug|Any CPU
		{BAA9C04A-96DE-4569-81D8-7A295EB4A88B}.Release|Any CPU.ActiveCfg = Release|Any CPU
		{BAA9C04A-96DE-4569-81D8-7A295EB4A88B}.Release|Any CPU.Build.0 = Release|Any CPU
		{BB13DE3A-63BC-488F-B937-E7D414A3305B}.Debug|Any CPU.ActiveCfg = Debug|Any CPU
		{BB13DE3A-63BC-488F-B937-E7D414A3305B}.Debug|Any CPU.Build.0 = Debug|Any CPU
		{BB13DE3A-63BC-488F-B937-E7D414A3305B}.Release|Any CPU.ActiveCfg = Release|Any CPU
		{BB13DE3A-63BC-488F-B937-E7D414A3305B}.Release|Any CPU.Build.0 = Release|Any CPU
		{B728E6AA-214F-463F-8426-86E7551ED1B4}.Debug|Any CPU.ActiveCfg = Debug|Any CPU
		{B728E6AA-214F-463F-8426-86E7551ED1B4}.Debug|Any CPU.Build.0 = Debug|Any CPU
		{B728E6AA-214F-463F-8426-86E7551ED1B4}.Release|Any CPU.ActiveCfg = Release|Any CPU
		{B728E6AA-214F-463F-8426-86E7551ED1B4}.Release|Any CPU.Build.0 = Release|Any CPU
		{28FDDC51-F177-4EA6-A0B8-B5C95A2BF418}.Debug|Any CPU.ActiveCfg = Debug|Any CPU
		{28FDDC51-F177-4EA6-A0B8-B5C95A2BF418}.Debug|Any CPU.Build.0 = Debug|Any CPU
		{28FDDC51-F177-4EA6-A0B8-B5C95A2BF418}.Release|Any CPU.ActiveCfg = Release|Any CPU
		{28FDDC51-F177-4EA6-A0B8-B5C95A2BF418}.Release|Any CPU.Build.0 = Release|Any CPU
	EndGlobalSection
	GlobalSection(SolutionProperties) = preSolution
		HideSolutionNode = FALSE
	EndGlobalSection
	GlobalSection(NestedProjects) = preSolution
		{6F355226-D576-4230-860D-8E77F72C4027} = {9B210C83-726C-4148-A117-D8548C18D813}
		{0A0DEBAB-0168-48B9-BDF7-FE5D9CFB1D64} = {9B210C83-726C-4148-A117-D8548C18D813}
		{7802A8AC-FA98-4281-94A5-6C79B6A6BDA8} = {FBC65125-0ED9-433F-B427-5709A9C41266}
		{7F90C431-C5CE-4271-B130-B77AA25EAF85} = {FBC65125-0ED9-433F-B427-5709A9C41266}
		{BAA9C04A-96DE-4569-81D8-7A295EB4A88B} = {FBC65125-0ED9-433F-B427-5709A9C41266}
		{BB13DE3A-63BC-488F-B937-E7D414A3305B} = {ADA14523-478E-46F8-80B1-F4DB1D2C9C25}
		{B728E6AA-214F-463F-8426-86E7551ED1B4} = {ADA14523-478E-46F8-80B1-F4DB1D2C9C25}
		{28FDDC51-F177-4EA6-A0B8-B5C95A2BF418} = {ADA14523-478E-46F8-80B1-F4DB1D2C9C25}
	EndGlobalSection
	GlobalSection(ExtensibilityGlobals) = postSolution
		SolutionGuid = {9157C9C0-9442-4534-8E47-9FF1D83CF7E2}
	EndGlobalSection
EndGlobal
